{
  "nodes": {
    "algebra-simple-src": {
      "inputs": {
        "flake-utils": "flake-utils",
        "nixpkgs": "nixpkgs"
      },
      "locked": {
        "lastModified": 1657277701,
        "narHash": "sha256-//8I7k2CVsCb2e9rKUd80ONZ3nuv6nK1yVrk7wpZi3g=",
        "owner": "tbidne",
        "repo": "algebra-simple",
        "rev": "086da47c888d0662f4047ad04214df03097d3b08",
        "type": "github"
      },
      "original": {
        "owner": "tbidne",
        "repo": "algebra-simple",
        "type": "github"
      }
    },
    "flake-utils": {
      "locked": {
        "lastModified": 1644229661,
        "narHash": "sha256-1YdnJAsNy69bpcjuoKdOYQX0YxZBiCYZo4Twxerqv7k=",
        "owner": "numtide",
        "repo": "flake-utils",
        "rev": "3cecb5b042f7f209c56ffd8371b2711a290ec797",
        "type": "github"
      },
      "original": {
        "owner": "numtide",
        "repo": "flake-utils",
        "type": "github"
      }
    },
    "flake-utils_2": {
      "locked": {
        "lastModified": 1644229661,
        "narHash": "sha256-1YdnJAsNy69bpcjuoKdOYQX0YxZBiCYZo4Twxerqv7k=",
        "owner": "numtide",
        "repo": "flake-utils",
        "rev": "3cecb5b042f7f209c56ffd8371b2711a290ec797",
        "type": "github"
      },
      "original": {
        "owner": "numtide",
        "repo": "flake-utils",
        "type": "github"
      }
    },
    "nixpkgs": {
      "locked": {
        "lastModified": 1657259521,
        "narHash": "sha256-hIgk7S/ILSQaxSAd4f1pANWuQ5Y88R2XL4v6ItdFEJ0=",
        "owner": "nixos",
        "repo": "nixpkgs",
        "rev": "a11e771594e8a411be45130923f6ec4bc3734257",
        "type": "github"
      },
      "original": {
        "owner": "nixos",
        "repo": "nixpkgs",
        "type": "github"
      }
    },
    "nixpkgs_2": {
      "locked": {
        "lastModified": 1657269839,
        "narHash": "sha256-J4Ge/QcAK0bPfPbZFDy4qqrQmWIzgXfKXzR/3/aCVz0=",
        "owner": "nixos",
        "repo": "nixpkgs",
        "rev": "42100e31bfa5ad169e7bc7356ad83fe9f817e34e",
        "type": "github"
      },
      "original": {
        "owner": "nixos",
        "repo": "nixpkgs",
        "type": "github"
      }
    },
    "root": {
      "inputs": {
        "algebra-simple-src": "algebra-simple-src",
        "flake-utils": "flake-utils_2",
        "nixpkgs": "nixpkgs_2"
      }
    }
  },
  "root": "root",
  "version": 7
}
