# This file was autogenerated by Stack.
# You should not edit this file by hand.
# For more information, please see the documentation at:
#   https://docs.haskellstack.org/en/stable/lock_files

packages:
- completed:
    name: algebra-simple
    version: 0.1.0.0
    git: https://github.com/tbidne/algebra-simple.git
    pantry-tree:
      size: 3564
      sha256: 1a440fcdec4ee73e85f3973e35215817a3ce6e2bc77765af07d8e3c7485061e9
    commit: b077a59c704b2eebd6ee4d3fe5037bc790450915
  original:
    git: https://github.com/tbidne/algebra-simple.git
    commit: b077a59c704b2eebd6ee4d3fe5037bc790450915
snapshots:
- completed:
    size: 517915
    url: https://raw.githubusercontent.com/commercialhaskell/stackage-snapshots/master/nightly/2022/3/23.yaml
    sha256: cb8f5a11e08dfb56a756ae96455346488efb1dadef3d8670d8c566ce6625e6ce
  original: nightly-2022-03-23
