# This file was autogenerated by Stack.
# You should not edit this file by hand.
# For more information, please see the documentation at:
#   https://docs.haskellstack.org/en/stable/lock_files

packages:
- completed:
    name: algebra-simple
    version: '0.1'
    git: https://github.com/tbidne/algebra-simple.git
    pantry-tree:
      size: 3703
      sha256: ba1f9bc7e93a7247c25155e4b05ed408360410e1b6ff71f9747ab1c777259c4e
    commit: 9b609eeceec43271ee1e9524d8b4335c258af1de
  original:
    git: https://github.com/tbidne/algebra-simple.git
    commit: 9b609eeceec43271ee1e9524d8b4335c258af1de
snapshots:
- completed:
    size: 517915
    url: https://raw.githubusercontent.com/commercialhaskell/stackage-snapshots/master/nightly/2022/3/23.yaml
    sha256: cb8f5a11e08dfb56a756ae96455346488efb1dadef3d8670d8c566ce6625e6ce
  original: nightly-2022-03-23
